
Microsoft Visual Studio Solution File, Format Version 12.00
# Visual Studio Version 16
VisualStudioVersion = 16.0.31424.327
MinimumVisualStudioVersion = 10.0.40219.1
Project("{9A19103F-16F7-4668-BE54-9A1E7A4F7556}") = "SellerCRUD.Infraestructure", "SellerCRUD.Infraestructure\SellerCRUD.Infraestructure.csproj", "{6603C10E-E39A-40EB-A85A-025D11915AA9}"
EndProject
Project("{9A19103F-16F7-4668-BE54-9A1E7A4F7556}") = "SellerCRUD.Domain", "SellerCRUD.Domain\SellerCRUD.Domain.csproj", "{6DAC539E-8A75-4905-A1B4-C1A51FF4C395}"
EndProject
Project("{9A19103F-16F7-4668-BE54-9A1E7A4F7556}") = "SellerCRUD.Services", "SellerCRUD.Services\SellerCRUD.Services.csproj", "{0B71BD77-7AE0-4FAC-8E17-030390137216}"
EndProject
Project("{9A19103F-16F7-4668-BE54-9A1E7A4F7556}") = "SellerCRUD.API", "SellerCRUD.API\SellerCRUD.API.csproj", "{4AD40835-57FE-4D3A-8EB5-3ECEAC5437F2}"
EndProject
Project("{E53339B2-1760-4266-BCC7-CA923CBCF16C}") = "docker-compose", "docker-compose.dcproj", "{4FB8433E-66F0-483C-95F9-E31BD0CFBD37}"
EndProject
Global
	GlobalSection(SolutionConfigurationPlatforms) = preSolution
		Debug|Any CPU = Debug|Any CPU
		Release|Any CPU = Release|Any CPU
	EndGlobalSection
	GlobalSection(ProjectConfigurationPlatforms) = postSolution
		{6603C10E-E39A-40EB-A85A-025D11915AA9}.Debug|Any CPU.ActiveCfg = Debug|Any CPU
		{6603C10E-E39A-40EB-A85A-025D11915AA9}.Debug|Any CPU.Build.0 = Debug|Any CPU
		{6603C10E-E39A-40EB-A85A-025D11915AA9}.Release|Any CPU.ActiveCfg = Release|Any CPU
		{6603C10E-E39A-40EB-A85A-025D11915AA9}.Release|Any CPU.Build.0 = Release|Any CPU
		{6DAC539E-8A75-4905-A1B4-C1A51FF4C395}.Debug|Any CPU.ActiveCfg = Debug|Any CPU
		{6DAC539E-8A75-4905-A1B4-C1A51FF4C395}.Debug|Any CPU.Build.0 = Debug|Any CPU
		{6DAC539E-8A75-4905-A1B4-C1A51FF4C395}.Release|Any CPU.ActiveCfg = Release|Any CPU
		{6DAC539E-8A75-4905-A1B4-C1A51FF4C395}.Release|Any CPU.Build.0 = Release|Any CPU
		{0B71BD77-7AE0-4FAC-8E17-030390137216}.Debug|Any CPU.ActiveCfg = Debug|Any CPU
		{0B71BD77-7AE0-4FAC-8E17-030390137216}.Debug|Any CPU.Build.0 = Debug|Any CPU
		{0B71BD77-7AE0-4FAC-8E17-030390137216}.Release|Any CPU.ActiveCfg = Release|Any CPU
		{0B71BD77-7AE0-4FAC-8E17-030390137216}.Release|Any CPU.Build.0 = Release|Any CPU
		{4AD40835-57FE-4D3A-8EB5-3ECEAC5437F2}.Debug|Any CPU.ActiveCfg = Debug|Any CPU
		{4AD40835-57FE-4D3A-8EB5-3ECEAC5437F2}.Debug|Any CPU.Build.0 = Debug|Any CPU
		{4AD40835-57FE-4D3A-8EB5-3ECEAC5437F2}.Release|Any CPU.ActiveCfg = Release|Any CPU
		{4AD40835-57FE-4D3A-8EB5-3ECEAC5437F2}.Release|Any CPU.Build.0 = Release|Any CPU
		{4FB8433E-66F0-483C-95F9-E31BD0CFBD37}.Debug|Any CPU.ActiveCfg = Debug|Any CPU
		{4FB8433E-66F0-483C-95F9-E31BD0CFBD37}.Debug|Any CPU.Build.0 = Debug|Any CPU
		{4FB8433E-66F0-483C-95F9-E31BD0CFBD37}.Release|Any CPU.ActiveCfg = Release|Any CPU
		{4FB8433E-66F0-483C-95F9-E31BD0CFBD37}.Release|Any CPU.Build.0 = Release|Any CPU
	EndGlobalSection
	GlobalSection(SolutionProperties) = preSolution
		HideSolutionNode = FALSE
	EndGlobalSection
	GlobalSection(ExtensibilityGlobals) = postSolution
		SolutionGuid = {422427D6-8354-4FB1-A0E5-167CB97B8A2C}
	EndGlobalSection
EndGlobal
